
Microsoft Visual Studio Solution File, Format Version 12.00
# Visual Studio 15
VisualStudioVersion = 15.0.28307.572
MinimumVisualStudioVersion = 10.0.40219.1
Project("{FAE04EC0-301F-11D3-BF4B-00C04F79EFBC}") = "icalFirstTry", "icalFirstTry\icalFirstTry.csproj", "{53E84CD3-78C0-4B53-8E35-99ACC65C5B53}"
EndProject
Global
	GlobalSection(SolutionConfigurationPlatforms) = preSolution
		Debug|Any CPU = Debug|Any CPU
		Release|Any CPU = Release|Any CPU
	EndGlobalSection
	GlobalSection(ProjectConfigurationPlatforms) = postSolution
		{53E84CD3-78C0-4B53-8E35-99ACC65C5B53}.Debug|Any CPU.ActiveCfg = Debug|Any CPU
		{53E84CD3-78C0-4B53-8E35-99ACC65C5B53}.Debug|Any CPU.Build.0 = Debug|Any CPU
		{53E84CD3-78C0-4B53-8E35-99ACC65C5B53}.Release|Any CPU.ActiveCfg = Release|Any CPU
		{53E84CD3-78C0-4B53-8E35-99ACC65C5B53}.Release|Any CPU.Build.0 = Release|Any CPU
	EndGlobalSection
	GlobalSection(SolutionProperties) = preSolution
		HideSolutionNode = FALSE
	EndGlobalSection
	GlobalSection(ExtensibilityGlobals) = postSolution
		SolutionGuid = {06834DEA-1776-40E1-B024-681A8CB3EAAC}
	EndGlobalSection
EndGlobal
